
Microsoft Visual Studio Solution File, Format Version 11.00
# Visual Studio 2010
Project("{FAE04EC0-301F-11D3-BF4B-00C04F79EFBC}") = "DotweenAsm", "DotweenAsm.csproj", "{6ae34028-ee56-b941-69e5-3b29604438ba}"
EndProject
Project("{FAE04EC0-301F-11D3-BF4B-00C04F79EFBC}") = "Assembly-CSharp", "Assembly-CSharp.csproj", "{dd961672-92f2-503d-06d0-e46f59bdfafc}"
EndProject
Global
	GlobalSection(SolutionConfigurationPlatforms) = preSolution
		Debug|Any CPU = Debug|Any CPU
	EndGlobalSection
	GlobalSection(ProjectConfigurationPlatforms) = postSolution
		{6ae34028-ee56-b941-69e5-3b29604438ba}.Debug|Any CPU.ActiveCfg = Debug|Any CPU
		{6ae34028-ee56-b941-69e5-3b29604438ba}.Debug|Any CPU.Build.0 = Debug|Any CPU
		{dd961672-92f2-503d-06d0-e46f59bdfafc}.Debug|Any CPU.ActiveCfg = Debug|Any CPU
		{dd961672-92f2-503d-06d0-e46f59bdfafc}.Debug|Any CPU.Build.0 = Debug|Any CPU
	EndGlobalSection
	GlobalSection(SolutionProperties) = preSolution
		HideSolutionNode = FALSE
	EndGlobalSection
EndGlobal
